
Microsoft Visual Studio Solution File, Format Version 12.00
# Visual Studio Version 16
VisualStudioVersion = 16.0.30517.126
MinimumVisualStudioVersion = 10.0.40219.1
Project("{FAE04EC0-301F-11D3-BF4B-00C04F79EFBC}") = "test", "test\test.csproj", "{D41A624E-A6F2-4077-909F-56FB6F3242A5}"
EndProject
Global
	GlobalSection(SolutionConfigurationPlatforms) = preSolution
		Debug|Any CPU = Debug|Any CPU
		Release|Any CPU = Release|Any CPU
	EndGlobalSection
	GlobalSection(ProjectConfigurationPlatforms) = postSolution
		{D41A624E-A6F2-4077-909F-56FB6F3242A5}.Debug|Any CPU.ActiveCfg = Debug|Any CPU
		{D41A624E-A6F2-4077-909F-56FB6F3242A5}.Debug|Any CPU.Build.0 = Debug|Any CPU
		{D41A624E-A6F2-4077-909F-56FB6F3242A5}.Release|Any CPU.ActiveCfg = Release|Any CPU
		{D41A624E-A6F2-4077-909F-56FB6F3242A5}.Release|Any CPU.Build.0 = Release|Any CPU
	EndGlobalSection
	GlobalSection(SolutionProperties) = preSolution
		HideSolutionNode = FALSE
	EndGlobalSection
	GlobalSection(ExtensibilityGlobals) = postSolution
		SolutionGuid = {166CD12B-AFAD-4FF6-8B50-F3E7AB168D44}
	EndGlobalSection
EndGlobal
